
Microsoft Visual Studio Solution File, Format Version 12.00
# Visual Studio Version 17
VisualStudioVersion = 17.3.32929.385
MinimumVisualStudioVersion = 10.0.40219.1
Project("{8BC9CEB8-8B4A-11D0-8D11-00A0C91BC942}") = "Project10", "Project10\Project10.vcxproj", "{9465EF6B-1C30-422D-A5BB-04F3327DC3C5}"
EndProject
Global
	GlobalSection(SolutionConfigurationPlatforms) = preSolution
		Debug|x64 = Debug|x64
		Debug|x86 = Debug|x86
		Release|x64 = Release|x64
		Release|x86 = Release|x86
	EndGlobalSection
	GlobalSection(ProjectConfigurationPlatforms) = postSolution
		{9465EF6B-1C30-422D-A5BB-04F3327DC3C5}.Debug|x64.ActiveCfg = Debug|x64
		{9465EF6B-1C30-422D-A5BB-04F3327DC3C5}.Debug|x64.Build.0 = Debug|x64
		{9465EF6B-1C30-422D-A5BB-04F3327DC3C5}.Debug|x86.ActiveCfg = Debug|Win32
		{9465EF6B-1C30-422D-A5BB-04F3327DC3C5}.Debug|x86.Build.0 = Debug|Win32
		{9465EF6B-1C30-422D-A5BB-04F3327DC3C5}.Release|x64.ActiveCfg = Release|x64
		{9465EF6B-1C30-422D-A5BB-04F3327DC3C5}.Release|x64.Build.0 = Release|x64
		{9465EF6B-1C30-422D-A5BB-04F3327DC3C5}.Release|x86.ActiveCfg = Release|Win32
		{9465EF6B-1C30-422D-A5BB-04F3327DC3C5}.Release|x86.Build.0 = Release|Win32
	EndGlobalSection
	GlobalSection(SolutionProperties) = preSolution
		HideSolutionNode = FALSE
	EndGlobalSection
	GlobalSection(ExtensibilityGlobals) = postSolution
		SolutionGuid = {97485AA6-D84D-4EA2-8B0B-84466DD3D47B}
	EndGlobalSection
EndGlobal
